// !$*UTF8*$!
{
	archiveVersion = 1;
	classes = {
	};
	objectVersion = 50;
	objects = {

/* Begin PBXBuildFile section */
		040920DE21CD80680024F164 /* AppDelegate.swift in Sources */ = {isa = PBXBuildFile; fileRef = 040920DD21CD80680024F164 /* AppDelegate.swift */; };
		040920E021CD80680024F164 /* LoginSignInController.swift in Sources */ = {isa = PBXBuildFile; fileRef = 040920DF21CD80680024F164 /* LoginSignInController.swift */; };
		040920E321CD80680024F164 /* Main.storyboard in Resources */ = {isa = PBXBuildFile; fileRef = 040920E121CD80680024F164 /* Main.storyboard */; };
		040920E521CD80690024F164 /* Assets.xcassets in Resources */ = {isa = PBXBuildFile; fileRef = 040920E421CD80690024F164 /* Assets.xcassets */; };
		040920E821CD80690024F164 /* LaunchScreen.storyboard in Resources */ = {isa = PBXBuildFile; fileRef = 040920E621CD80690024F164 /* LaunchScreen.storyboard */; };
		040920F021D2DEAA0024F164 /* UIColorExt.swift in Sources */ = {isa = PBXBuildFile; fileRef = 040920EF21D2DEAA0024F164 /* UIColorExt.swift */; };
		040920F421D2DF440024F164 /* ViewAnchorExt.swift in Sources */ = {isa = PBXBuildFile; fileRef = 040920F321D2DF440024F164 /* ViewAnchorExt.swift */; };
		040920F621D3581E0024F164 /* LoginSigninView.swift in Sources */ = {isa = PBXBuildFile; fileRef = 040920F521D3581E0024F164 /* LoginSigninView.swift */; };
		040920F821D6C6780024F164 /* LoginViewModel.swift in Sources */ = {isa = PBXBuildFile; fileRef = 040920F721D6C6780024F164 /* LoginViewModel.swift */; };
		040920FC21E06B610024F164 /* LoginContainerView.swift in Sources */ = {isa = PBXBuildFile; fileRef = 040920FB21E06B610024F164 /* LoginContainerView.swift */; };
		040920FE21E07F480024F164 /* TextFieldExt.swift in Sources */ = {isa = PBXBuildFile; fileRef = 040920FD21E07F480024F164 /* TextFieldExt.swift */; };
		0409210021E08E880024F164 /* RegisterContainerView.swift in Sources */ = {isa = PBXBuildFile; fileRef = 040920FF21E08E880024F164 /* RegisterContainerView.swift */; };
/* End PBXBuildFile section */

/* Begin PBXFileReference section */
		040920DA21CD80680024F164 /* LoginSignUpDemo.app */ = {isa = PBXFileReference; explicitFileType = wrapper.application; includeInIndex = 0; path = LoginSignUpDemo.app; sourceTree = BUILT_PRODUCTS_DIR; };
		040920DD21CD80680024F164 /* AppDelegate.swift */ = {isa = PBXFileReference; lastKnownFileType = sourcecode.swift; path = AppDelegate.swift; sourceTree = "<group>"; };
		040920DF21CD80680024F164 /* LoginSignInController.swift */ = {isa = PBXFileReference; lastKnownFileType = sourcecode.swift; path = LoginSignInController.swift; sourceTree = "<group>"; };
		040920E221CD80680024F164 /* Base */ = {isa = PBXFileReference; lastKnownFileType = file.storyboard; name = Base; path = Base.lproj/Main.storyboard; sourceTree = "<group>"; };
		040920E421CD80690024F164 /* Assets.xcassets */ = {isa = PBXFileReference; lastKnownFileType = folder.assetcatalog; path = Assets.xcassets; sourceTree = "<group>"; };
		040920E721CD80690024F164 /* Base */ = {isa = PBXFileReference; lastKnownFileType = file.storyboard; name = Base; path = Base.lproj/LaunchScreen.storyboard; sourceTree = "<group>"; };
		040920E921CD80690024F164 /* Info.plist */ = {isa = PBXFileReference; lastKnownFileType = text.plist.xml; path = Info.plist; sourceTree = "<group>"; };
		040920EF21D2DEAA0024F164 /* UIColorExt.swift */ = {isa = PBXFileReference; lastKnownFileType = sourcecode.swift; path = UIColorExt.swift; sourceTree = "<group>"; };
		040920F321D2DF440024F164 /* ViewAnchorExt.swift */ = {isa = PBXFileReference; lastKnownFileType = sourcecode.swift; path = ViewAnchorExt.swift; sourceTree = "<group>"; };
		040920F521D3581E0024F164 /* LoginSigninView.swift */ = {isa = PBXFileReference; lastKnownFileType = sourcecode.swift; path = LoginSigninView.swift; sourceTree = "<group>"; };
		040920F721D6C6780024F164 /* LoginViewModel.swift */ = {isa = PBXFileReference; lastKnownFileType = sourcecode.swift; path = LoginViewModel.swift; sourceTree = "<group>"; };
		040920FB21E06B610024F164 /* LoginContainerView.swift */ = {isa = PBXFileReference; lastKnownFileType = sourcecode.swift; path = LoginContainerView.swift; sourceTree = "<group>"; };
		040920FD21E07F480024F164 /* TextFieldExt.swift */ = {isa = PBXFileReference; lastKnownFileType = sourcecode.swift; path = TextFieldExt.swift; sourceTree = "<group>"; };
		040920FF21E08E880024F164 /* RegisterContainerView.swift */ = {isa = PBXFileReference; lastKnownFileType = sourcecode.swift; path = RegisterContainerView.swift; sourceTree = "<group>"; };
/* End PBXFileReference section */

/* Begin PBXFrameworksBuildPhase section */
		040920D721CD80680024F164 /* Frameworks */ = {
			isa = PBXFrameworksBuildPhase;
			buildActionMask = 2147483647;
			files = (
			);
			runOnlyForDeploymentPostprocessing = 0;
		};
/* End PBXFrameworksBuildPhase section */

/* Begin PBXGroup section */
		040920D121CD80680024F164 = {
			isa = PBXGroup;
			children = (
				040920DC21CD80680024F164 /* LoginSignUpDemo */,
				040920DB21CD80680024F164 /* Products */,
			);
			sourceTree = "<group>";
		};
		040920DB21CD80680024F164 /* Products */ = {
			isa = PBXGroup;
			children = (
				040920DA21CD80680024F164 /* LoginSignUpDemo.app */,
			);
			name = Products;
			sourceTree = "<group>";
		};
		040920DC21CD80680024F164 /* LoginSignUpDemo */ = {
			isa = PBXGroup;
			children = (
				040920DD21CD80680024F164 /* AppDelegate.swift */,
				040920DF21CD80680024F164 /* LoginSignInController.swift */,
				040920F721D6C6780024F164 /* LoginViewModel.swift */,
				040920F521D3581E0024F164 /* LoginSigninView.swift */,
				040920FB21E06B610024F164 /* LoginContainerView.swift */,
				040920FF21E08E880024F164 /* RegisterContainerView.swift */,
				040920F121D2DEB00024F164 /* Extensions */,
				040920E121CD80680024F164 /* Main.storyboard */,
				040920E421CD80690024F164 /* Assets.xcassets */,
				040920E621CD80690024F164 /* LaunchScreen.storyboard */,
				040920E921CD80690024F164 /* Info.plist */,
			);
			path = LoginSignUpDemo;
			sourceTree = "<group>";
		};
		040920F121D2DEB00024F164 /* Extensions */ = {
			isa = PBXGroup;
			children = (
				040920EF21D2DEAA0024F164 /* UIColorExt.swift */,
				040920F321D2DF440024F164 /* ViewAnchorExt.swift */,
				040920FD21E07F480024F164 /* TextFieldExt.swift */,
			);
			path = Extensions;
			sourceTree = "<group>";
		};
/* End PBXGroup section */

/* Begin PBXNativeTarget section */
		040920D921CD80680024F164 /* LoginSignUpDemo */ = {
			isa = PBXNativeTarget;
			buildConfigurationList = 040920EC21CD80690024F164 /* Build configuration list for PBXNativeTarget "LoginSignUpDemo" */;
			buildPhases = (
				040920D621CD80680024F164 /* Sources */,
				040920D721CD80680024F164 /* Frameworks */,
				040920D821CD80680024F164 /* Resources */,
			);
			buildRules = (
			);
			dependencies = (
			);
			name = LoginSignUpDemo;
			productName = LoginSignUpDemo;
			productReference = 040920DA21CD80680024F164 /* LoginSignUpDemo.app */;
			productType = "com.apple.product-type.application";
		};
/* End PBXNativeTarget section */

/* Begin PBXProject section */
		040920D221CD80680024F164 /* Project object */ = {
			isa = PBXProject;
			attributes = {
				LastSwiftUpdateCheck = 1010;
				LastUpgradeCheck = 1010;
				ORGANIZATIONNAME = "Jeffrey Chang";
				TargetAttributes = {
					040920D921CD80680024F164 = {
						CreatedOnToolsVersion = 10.1;
					};
				};
			};
			buildConfigurationList = 040920D521CD80680024F164 /* Build configuration list for PBXProject "LoginSignUpDemo" */;
			compatibilityVersion = "Xcode 9.3";
			developmentRegion = en;
			hasScannedForEncodings = 0;
			knownRegions = (
				en,
				Base,
			);
			mainGroup = 040920D121CD80680024F164;
			productRefGroup = 040920DB21CD80680024F164 /* Products */;
			projectDirPath = "";
			projectRoot = "";
			targets = (
				040920D921CD80680024F164 /* LoginSignUpDemo */,
			);
		};
/* End PBXProject section */

/* Begin PBXResourcesBuildPhase section */
		040920D821CD80680024F164 /* Resources */ = {
			isa = PBXResourcesBuildPhase;
			buildActionMask = 2147483647;
			files = (
				040920E821CD80690024F164 /* LaunchScreen.storyboard in Resources */,
				040920E521CD80690024F164 /* Assets.xcassets in Resources */,
				040920E321CD80680024F164 /* Main.storyboard in Resources */,
			);
			runOnlyForDeploymentPostprocessing = 0;
		};
/* End PBXResourcesBuildPhase section */

/* Begin PBXSourcesBuildPhase section */
		040920D621CD80680024F164 /* Sources */ = {
			isa = PBXSourcesBuildPhase;
			buildActionMask = 2147483647;
			files = (
				040920E021CD80680024F164 /* LoginSignInController.swift in Sources */,
				040920FC21E06B610024F164 /* LoginContainerView.swift in Sources */,
				040920F421D2DF440024F164 /* ViewAnchorExt.swift in Sources */,
				040920F821D6C6780024F164 /* LoginViewModel.swift in Sources */,
				040920F021D2DEAA0024F164 /* UIColorExt.swift in Sources */,
				0409210021E08E880024F164 /* RegisterContainerView.swift in Sources */,
				040920DE21CD80680024F164 /* AppDelegate.swift in Sources */,
				040920F621D3581E0024F164 /* LoginSigninView.swift in Sources */,
				040920FE21E07F480024F164 /* TextFieldExt.swift in Sources */,
			);
			runOnlyForDeploymentPostprocessing = 0;
		};
/* End PBXSourcesBuildPhase section */

/* Begin PBXVariantGroup section */
		040920E121CD80680024F164 /* Main.storyboard */ = {
			isa = PBXVariantGroup;
			children = (
				040920E221CD80680024F164 /* Base */,
			);
			name = Main.storyboard;
			sourceTree = "<group>";
		};
		040920E621CD80690024F164 /* LaunchScreen.storyboard */ = {
			isa = PBXVariantGroup;
			children = (
				040920E721CD80690024F164 /* Base */,
			);
			name = LaunchScreen.storyboard;
			sourceTree = "<group>";
		};
/* End PBXVariantGroup section */

/* Begin XCBuildConfiguration section */
		040920EA21CD80690024F164 /* Debug */ = {
			isa = XCBuildConfiguration;
			buildSettings = {
				ALWAYS_SEARCH_USER_PATHS = NO;
				CLANG_ANALYZER_NONNULL = YES;
				CLANG_ANALYZER_NUMBER_OBJECT_CONVERSION = YES_AGGRESSIVE;
				CLANG_CXX_LANGUAGE_STANDARD = "gnu++14";
				CLANG_CXX_LIBRARY = "libc++";
				CLANG_ENABLE_MODULES = YES;
				CLANG_ENABLE_OBJC_ARC = YES;
				CLANG_ENABLE_OBJC_WEAK = YES;
				CLANG_WARN_BLOCK_CAPTURE_AUTORELEASING = YES;
				CLANG_WARN_BOOL_CONVERSION = YES;
				CLANG_WARN_COMMA = YES;
				CLANG_WARN_CONSTANT_CONVERSION = YES;
				CLANG_WARN_DEPRECATED_OBJC_IMPLEMENTATIONS = YES;
				CLANG_WARN_DIRECT_OBJC_ISA_USAGE = YES_ERROR;
				CLANG_WARN_DOCUMENTATION_COMMENTS = YES;
				CLANG_WARN_EMPTY_BODY = YES;
				CLANG_WARN_ENUM_CONVERSION = YES;
				CLANG_WARN_INFINITE_RECURSION = YES;
				CLANG_WARN_INT_CONVERSION = YES;
				CLANG_WARN_NON_LITERAL_NULL_CONVERSION = YES;
				CLANG_WARN_OBJC_IMPLICIT_RETAIN_SELF = YES;
				CLANG_WARN_OBJC_LITERAL_CONVERSION = YES;
				CLANG_WARN_OBJC_ROOT_CLASS = YES_ERROR;
				CLANG_WARN_RANGE_LOOP_ANALYSIS = YES;
				CLANG_WARN_STRICT_PROTOTYPES = YES;
				CLANG_WARN_SUSPICIOUS_MOVE = YES;
				CLANG_WARN_UNGUARDED_AVAILABILITY = YES_AGGRESSIVE;
				CLANG_WARN_UNREACHABLE_CODE = YES;
				CLANG_WARN__DUPLICATE_METHOD_MATCH = YES;
				CODE_SIGN_IDENTITY = "iPhone Developer";
				COPY_PHASE_STRIP = NO;
				DEBUG_INFORMATION_FORMAT = dwarf;
				ENABLE_STRICT_OBJC_MSGSEND = YES;
				ENABLE_TESTABILITY = YES;
				GCC_C_LANGUAGE_STANDARD = gnu11;
				GCC_DYNAMIC_NO_PIC = NO;
				GCC_NO_COMMON_BLOCKS = YES;
				GCC_OPTIMIZATION_LEVEL = 0;
				GCC_PREPROCESSOR_DEFINITIONS = (
					"DEBUG=1",
					"$(inherited)",
				);
				GCC_WARN_64_TO_32_BIT_CONVERSION = YES;
				GCC_WARN_ABOUT_RETURN_TYPE = YES_ERROR;
				GCC_WARN_UNDECLARED_SELECTOR = YES;
				GCC_WARN_UNINITIALIZED_AUTOS = YES_AGGRESSIVE;
				GCC_WARN_UNUSED_FUNCTION = YES;
				GCC_WARN_UNUSED_VARIABLE = YES;
				IPHONEOS_DEPLOYMENT_TARGET = 12.1;
				MTL_ENABLE_DEBUG_INFO = INCLUDE_SOURCE;
				MTL_FAST_MATH = YES;
				ONLY_ACTIVE_ARCH = YES;
				SDKROOT = iphoneos;
				SWIFT_ACTIVE_COMPILATION_CONDITIONS = DEBUG;
				SWIFT_OPTIMIZATION_LEVEL = "-Onone";
			};
			name = Debug;
		};
		040920EB21CD80690024F164 /* Release */ = {
			isa = XCBuildConfiguration;
			buildSettings = {
				ALWAYS_SEARCH_USER_PATHS = NO;
				CLANG_ANALYZER_NONNULL = YES;
				CLANG_ANALYZER_NUMBER_OBJECT_CONVERSION = YES_AGGRESSIVE;
				CLANG_CXX_LANGUAGE_STANDARD = "gnu++14";
				CLANG_CXX_LIBRARY = "libc++";
				CLANG_ENABLE_MODULES = YES;
				CLANG_ENABLE_OBJC_ARC = YES;
				CLANG_ENABLE_OBJC_WEAK = YES;
				CLANG_WARN_BLOCK_CAPTURE_AUTORELEASING = YES;
				CLANG_WARN_BOOL_CONVERSION = YES;
				CLANG_WARN_COMMA = YES;
				CLANG_WARN_CONSTANT_CONVERSION = YES;
				CLANG_WARN_DEPRECATED_OBJC_IMPLEMENTATIONS = YES;
				CLANG_WARN_DIRECT_OBJC_ISA_USAGE = YES_ERROR;
				CLANG_WARN_DOCUMENTATION_COMMENTS = YES;
				CLANG_WARN_EMPTY_BODY = YES;
				CLANG_WARN_ENUM_CONVERSION = YES;
				CLANG_WARN_INFINITE_RECURSION = YES;
				CLANG_WARN_INT_CONVERSION = YES;
				CLANG_WARN_NON_LITERAL_NULL_CONVERSION = YES;
				CLANG_WARN_OBJC_IMPLICIT_RETAIN_SELF = YES;
				CLANG_WARN_OBJC_LITERAL_CONVERSION = YES;
				CLANG_WARN_OBJC_ROOT_CLASS = YES_ERROR;
				CLANG_WARN_RANGE_LOOP_ANALYSIS = YES;
				CLANG_WARN_STRICT_PROTOTYPES = YES;
				CLANG_WARN_SUSPICIOUS_MOVE = YES;
				CLANG_WARN_UNGUARDED_AVAILABILITY = YES_AGGRESSIVE;
				CLANG_WARN_UNREACHABLE_CODE = YES;
				CLANG_WARN__DUPLICATE_METHOD_MATCH = YES;
				CODE_SIGN_IDENTITY = "iPhone Developer";
				COPY_PHASE_STRIP = NO;
				DEBUG_INFORMATION_FORMAT = "dwarf-with-dsym";
				ENABLE_NS_ASSERTIONS = NO;
				ENABLE_STRICT_OBJC_MSGSEND = YES;
				GCC_C_LANGUAGE_STANDARD = gnu11;
				GCC_NO_COMMON_BLOCKS = YES;
				GCC_WARN_64_TO_32_BIT_CONVERSION = YES;
				GCC_WARN_ABOUT_RETURN_TYPE = YES_ERROR;
				GCC_WARN_UNDECLARED_SELECTOR = YES;
				GCC_WARN_UNINITIALIZED_AUTOS = YES_AGGRESSIVE;
				GCC_WARN_UNUSED_FUNCTION = YES;
				GCC_WARN_UNUSED_VARIABLE = YES;
				IPHONEOS_DEPLOYMENT_TARGET = 12.1;
				MTL_ENABLE_DEBUG_INFO = NO;
				MTL_FAST_MATH = YES;
				SDKROOT = iphoneos;
				SWIFT_COMPILATION_MODE = wholemodule;
				SWIFT_OPTIMIZATION_LEVEL = "-O";
				VALIDATE_PRODUCT = YES;
			};
			name = Release;
		};
		040920ED21CD80690024F164 /* Debug */ = {
			isa = XCBuildConfiguration;
			buildSettings = {
				ASSETCATALOG_COMPILER_APPICON_NAME = AppIcon;
				CODE_SIGN_STYLE = Automatic;
				DEVELOPMENT_TEAM = FW4R4DYW79;
				INFOPLIST_FILE = LoginSignUpDemo/Info.plist;
				LD_RUNPATH_SEARCH_PATHS = (
					"$(inherited)",
					"@executable_path/Frameworks",
				);
				PRODUCT_BUNDLE_IDENTIFIER = Jeff.LoginSignUpDemo;
				PRODUCT_NAME = "$(TARGET_NAME)";
				SWIFT_VERSION = 4.2;
				TARGETED_DEVICE_FAMILY = "1,2";
			};
			name = Debug;
		};
		040920EE21CD80690024F164 /* Release */ = {
			isa = XCBuildConfiguration;
			buildSettings = {
				ASSETCATALOG_COMPILER_APPICON_NAME = AppIcon;
				CODE_SIGN_STYLE = Automatic;
				DEVELOPMENT_TEAM = FW4R4DYW79;
				INFOPLIST_FILE = LoginSignUpDemo/Info.plist;
				LD_RUNPATH_SEARCH_PATHS = (
					"$(inherited)",
					"@executable_path/Frameworks",
				);
				PRODUCT_BUNDLE_IDENTIFIER = Jeff.LoginSignUpDemo;
				PRODUCT_NAME = "$(TARGET_NAME)";
				SWIFT_VERSION = 4.2;
				TARGETED_DEVICE_FAMILY = "1,2";
			};
			name = Release;
		};
/* End XCBuildConfiguration section */

/* Begin XCConfigurationList section */
		040920D521CD80680024F164 /* Build configuration list for PBXProject "LoginSignUpDemo" */ = {
			isa = XCConfigurationList;
			buildConfigurations = (
				040920EA21CD80690024F164 /* Debug */,
				040920EB21CD80690024F164 /* Release */,
			);
			defaultConfigurationIsVisible = 0;
			defaultConfigurationName = Release;
		};
		040920EC21CD80690024F164 /* Build configuration list for PBXNativeTarget "LoginSignUpDemo" */ = {
			isa = XCConfigurationList;
			buildConfigurations = (
				040920ED21CD80690024F164 /* Debug */,
				040920EE21CD80690024F164 /* Release */,
			);
			defaultConfigurationIsVisible = 0;
			defaultConfigurationName = Release;
		};
/* End XCConfigurationList section */
	};
	rootObject = 040920D221CD80680024F164 /* Project object */;
}
